
Microsoft Visual Studio Solution File, Format Version 12.00
# Visual Studio Version 17
VisualStudioVersion = 17.11.35431.28
MinimumVisualStudioVersion = 10.0.40219.1
Project("{FAE04EC0-301F-11D3-BF4B-00C04F79EFBC}") = "BlazingPizzaSite", "BlazingPizzaSite\BlazingPizzaSite.csproj", "{8BEC3E81-5C5D-4556-99DC-A903C1B9911F}"
EndProject
Global
	GlobalSection(SolutionConfigurationPlatforms) = preSolution
		Debug|Any CPU = Debug|Any CPU
		Release|Any CPU = Release|Any CPU
	EndGlobalSection
	GlobalSection(ProjectConfigurationPlatforms) = postSolution
		{8BEC3E81-5C5D-4556-99DC-A903C1B9911F}.Debug|Any CPU.ActiveCfg = Debug|Any CPU
		{8BEC3E81-5C5D-4556-99DC-A903C1B9911F}.Debug|Any CPU.Build.0 = Debug|Any CPU
		{8BEC3E81-5C5D-4556-99DC-A903C1B9911F}.Release|Any CPU.ActiveCfg = Release|Any CPU
		{8BEC3E81-5C5D-4556-99DC-A903C1B9911F}.Release|Any CPU.Build.0 = Release|Any CPU
	EndGlobalSection
	GlobalSection(SolutionProperties) = preSolution
		HideSolutionNode = FALSE
	EndGlobalSection
	GlobalSection(ExtensibilityGlobals) = postSolution
		SolutionGuid = {28B6FEA7-166A-4418-AFF8-B451F50C7030}
	EndGlobalSection
EndGlobal
